
Microsoft Visual Studio Solution File, Format Version 12.00
# Visual Studio 15
VisualStudioVersion = 15.0.27703.2026
MinimumVisualStudioVersion = 10.0.40219.1
Project("{FAE04EC0-301F-11D3-BF4B-00C04F79EFBC}") = "Aml.Container", "Aml.Container\Aml.Container.csproj", "{07B92350-51DA-4053-8CE7-CE3CCD25A9E7}"
EndProject
Global
	GlobalSection(SolutionConfigurationPlatforms) = preSolution
		Debug|Any CPU = Debug|Any CPU
		Release|Any CPU = Release|Any CPU
	EndGlobalSection
	GlobalSection(ProjectConfigurationPlatforms) = postSolution
		{07B92350-51DA-4053-8CE7-CE3CCD25A9E7}.Debug|Any CPU.ActiveCfg = Debug|Any CPU
		{07B92350-51DA-4053-8CE7-CE3CCD25A9E7}.Debug|Any CPU.Build.0 = Debug|Any CPU
		{07B92350-51DA-4053-8CE7-CE3CCD25A9E7}.Release|Any CPU.ActiveCfg = Release|Any CPU
		{07B92350-51DA-4053-8CE7-CE3CCD25A9E7}.Release|Any CPU.Build.0 = Release|Any CPU
	EndGlobalSection
	GlobalSection(SolutionProperties) = preSolution
		HideSolutionNode = FALSE
	EndGlobalSection
	GlobalSection(ExtensibilityGlobals) = postSolution
		SolutionGuid = {C3ECE38C-D609-4BE3-AA5F-5C1D8F6E2FBC}
	EndGlobalSection
EndGlobal
